
Microsoft Visual Studio Solution File, Format Version 12.00
# Visual Studio Version 17
VisualStudioVersion = 17.0.31903.59
MinimumVisualStudioVersion = 10.0.40219.1
Project("{FAE04EC0-301F-11D3-BF4B-00C04F79EFBC}") = "GarbageCollection", "GarbageCollection\GarbageCollection.csproj", "{47FDB00C-92F8-463B-B71C-39415393CE2C}"
EndProject
Global
	GlobalSection(SolutionConfigurationPlatforms) = preSolution
		Debug|Any CPU = Debug|Any CPU
		Release|Any CPU = Release|Any CPU
	EndGlobalSection
	GlobalSection(ProjectConfigurationPlatforms) = postSolution
		{47FDB00C-92F8-463B-B71C-39415393CE2C}.Debug|Any CPU.ActiveCfg = Debug|Any CPU
		{47FDB00C-92F8-463B-B71C-39415393CE2C}.Debug|Any CPU.Build.0 = Debug|Any CPU
		{47FDB00C-92F8-463B-B71C-39415393CE2C}.Release|Any CPU.ActiveCfg = Release|Any CPU
		{47FDB00C-92F8-463B-B71C-39415393CE2C}.Release|Any CPU.Build.0 = Release|Any CPU
	EndGlobalSection
	GlobalSection(SolutionProperties) = preSolution
		HideSolutionNode = FALSE
	EndGlobalSection
	GlobalSection(ExtensibilityGlobals) = postSolution
		SolutionGuid = {4180C148-A772-460A-BA44-133254D1586C}
	EndGlobalSection
EndGlobal
